// !$*UTF8*$!
{
	archiveVersion = 1;
	classes = {
	};
	objectVersion = 50;
	objects = {

/* Begin PBXBuildFile section */
		1C387B2425F2022400DC07E8 /* UserRepository.swift in Sources */ = {isa = PBXBuildFile; fileRef = 1C387B2325F2022400DC07E8 /* UserRepository.swift */; };
		1C387B2A25F2064F00DC07E8 /* FamilyApp++Bool.swift in Sources */ = {isa = PBXBuildFile; fileRef = 1C387B2925F2064F00DC07E8 /* FamilyApp++Bool.swift */; };
		1C4401AC25EF441D001E2B74 /* HomeTableViewCell.swift in Sources */ = {isa = PBXBuildFile; fileRef = 1C4401AB25EF441D001E2B74 /* HomeTableViewCell.swift */; };
		1C4401B125EF4E99001E2B74 /* UserType.swift in Sources */ = {isa = PBXBuildFile; fileRef = 1C4401B025EF4E99001E2B74 /* UserType.swift */; };
		1C4401B425EF62C6001E2B74 /* Color.xcassets in Resources */ = {isa = PBXBuildFile; fileRef = 1C4401B325EF62C6001E2B74 /* Color.xcassets */; };
		1C848CF525EBC5F500F24D42 /* HomeViewController.swift in Sources */ = {isa = PBXBuildFile; fileRef = 1C848CF425EBC5F500F24D42 /* HomeViewController.swift */; };
		1CBC419625EA365A0012444A /* AppDelegate.swift in Sources */ = {isa = PBXBuildFile; fileRef = 1CBC419525EA365A0012444A /* AppDelegate.swift */; };
		1CBC419825EA365A0012444A /* SceneDelegate.swift in Sources */ = {isa = PBXBuildFile; fileRef = 1CBC419725EA365A0012444A /* SceneDelegate.swift */; };
		1CBC419D25EA365A0012444A /* Main.storyboard in Resources */ = {isa = PBXBuildFile; fileRef = 1CBC419B25EA365A0012444A /* Main.storyboard */; };
		1CBC419F25EA365B0012444A /* Assets.xcassets in Resources */ = {isa = PBXBuildFile; fileRef = 1CBC419E25EA365B0012444A /* Assets.xcassets */; };
		1CBC41A225EA365B0012444A /* LaunchScreen.storyboard in Resources */ = {isa = PBXBuildFile; fileRef = 1CBC41A025EA365B0012444A /* LaunchScreen.storyboard */; };
/* End PBXBuildFile section */

/* Begin PBXFileReference section */
		1C387B2325F2022400DC07E8 /* UserRepository.swift */ = {isa = PBXFileReference; lastKnownFileType = sourcecode.swift; path = UserRepository.swift; sourceTree = "<group>"; };
		1C387B2925F2064F00DC07E8 /* FamilyApp++Bool.swift */ = {isa = PBXFileReference; lastKnownFileType = sourcecode.swift; path = "FamilyApp++Bool.swift"; sourceTree = "<group>"; };
		1C4401AB25EF441D001E2B74 /* HomeTableViewCell.swift */ = {isa = PBXFileReference; lastKnownFileType = sourcecode.swift; path = HomeTableViewCell.swift; sourceTree = "<group>"; };
		1C4401B025EF4E99001E2B74 /* UserType.swift */ = {isa = PBXFileReference; lastKnownFileType = sourcecode.swift; path = UserType.swift; sourceTree = "<group>"; };
		1C4401B325EF62C6001E2B74 /* Color.xcassets */ = {isa = PBXFileReference; lastKnownFileType = folder.assetcatalog; path = Color.xcassets; sourceTree = "<group>"; };
		1C848CF425EBC5F500F24D42 /* HomeViewController.swift */ = {isa = PBXFileReference; lastKnownFileType = sourcecode.swift; path = HomeViewController.swift; sourceTree = "<group>"; };
		1CBC419225EA365A0012444A /* FamilyApp.app */ = {isa = PBXFileReference; explicitFileType = wrapper.application; includeInIndex = 0; path = FamilyApp.app; sourceTree = BUILT_PRODUCTS_DIR; };
		1CBC419525EA365A0012444A /* AppDelegate.swift */ = {isa = PBXFileReference; lastKnownFileType = sourcecode.swift; path = AppDelegate.swift; sourceTree = "<group>"; };
		1CBC419725EA365A0012444A /* SceneDelegate.swift */ = {isa = PBXFileReference; lastKnownFileType = sourcecode.swift; path = SceneDelegate.swift; sourceTree = "<group>"; };
		1CBC419C25EA365A0012444A /* Base */ = {isa = PBXFileReference; lastKnownFileType = file.storyboard; name = Base; path = Base.lproj/Main.storyboard; sourceTree = "<group>"; };
		1CBC419E25EA365B0012444A /* Assets.xcassets */ = {isa = PBXFileReference; lastKnownFileType = folder.assetcatalog; path = Assets.xcassets; sourceTree = "<group>"; };
		1CBC41A125EA365B0012444A /* Base */ = {isa = PBXFileReference; lastKnownFileType = file.storyboard; name = Base; path = Base.lproj/LaunchScreen.storyboard; sourceTree = "<group>"; };
		1CBC41A325EA365B0012444A /* Info.plist */ = {isa = PBXFileReference; lastKnownFileType = text.plist.xml; path = Info.plist; sourceTree = "<group>"; };
/* End PBXFileReference section */

/* Begin PBXFrameworksBuildPhase section */
		1CBC418F25EA365A0012444A /* Frameworks */ = {
			isa = PBXFrameworksBuildPhase;
			buildActionMask = 2147483647;
			files = (
			);
			runOnlyForDeploymentPostprocessing = 0;
		};
/* End PBXFrameworksBuildPhase section */

/* Begin PBXGroup section */
		1C387B1F25F1FE4100DC07E8 /* View Controllers */ = {
			isa = PBXGroup;
			children = (
				1C848CF425EBC5F500F24D42 /* HomeViewController.swift */,
			);
			path = "View Controllers";
			sourceTree = "<group>";
		};
		1C387B2025F1FE4F00DC07E8 /* Views */ = {
			isa = PBXGroup;
			children = (
				1C4401AB25EF441D001E2B74 /* HomeTableViewCell.swift */,
			);
			path = Views;
			sourceTree = "<group>";
		};
		1C387B2225F2021100DC07E8 /* Service */ = {
			isa = PBXGroup;
			children = (
				1C387B2325F2022400DC07E8 /* UserRepository.swift */,
			);
			path = Service;
			sourceTree = "<group>";
		};
		1C387B2825F2063E00DC07E8 /* Shared */ = {
			isa = PBXGroup;
			children = (
				1C387B2925F2064F00DC07E8 /* FamilyApp++Bool.swift */,
			);
			path = Shared;
			sourceTree = "<group>";
		};
		1C4401AF25EF4E83001E2B74 /* Model */ = {
			isa = PBXGroup;
			children = (
				1C4401B025EF4E99001E2B74 /* UserType.swift */,
			);
			path = Model;
			sourceTree = "<group>";
		};
		1CBC418925EA365A0012444A = {
			isa = PBXGroup;
			children = (
				1CBC419425EA365A0012444A /* FamilyApp */,
				1CBC419325EA365A0012444A /* Products */,
			);
			sourceTree = "<group>";
		};
		1CBC419325EA365A0012444A /* Products */ = {
			isa = PBXGroup;
			children = (
				1CBC419225EA365A0012444A /* FamilyApp.app */,
			);
			name = Products;
			sourceTree = "<group>";
		};
		1CBC419425EA365A0012444A /* FamilyApp */ = {
			isa = PBXGroup;
			children = (
				1CBC41AB25EA36750012444A /* Resource */,
				1CBC41AC25EA367F0012444A /* Sources */,
				1CBC41AD25EA36840012444A /* Supporting Files */,
			);
			path = FamilyApp;
			sourceTree = "<group>";
		};
		1CBC41AB25EA36750012444A /* Resource */ = {
			isa = PBXGroup;
			children = (
				1CBC419B25EA365A0012444A /* Main.storyboard */,
				1CBC41A025EA365B0012444A /* LaunchScreen.storyboard */,
				1CBC419E25EA365B0012444A /* Assets.xcassets */,
				1C4401B325EF62C6001E2B74 /* Color.xcassets */,
			);
			path = Resource;
			sourceTree = "<group>";
		};
		1CBC41AC25EA367F0012444A /* Sources */ = {
			isa = PBXGroup;
			children = (
				1C387B2825F2063E00DC07E8 /* Shared */,
				1C387B2225F2021100DC07E8 /* Service */,
				1C4401AF25EF4E83001E2B74 /* Model */,
				1C387B1F25F1FE4100DC07E8 /* View Controllers */,
				1C387B2025F1FE4F00DC07E8 /* Views */,
				1CBC419525EA365A0012444A /* AppDelegate.swift */,
				1CBC419725EA365A0012444A /* SceneDelegate.swift */,
			);
			path = Sources;
			sourceTree = "<group>";
		};
		1CBC41AD25EA36840012444A /* Supporting Files */ = {
			isa = PBXGroup;
			children = (
				1CBC41A325EA365B0012444A /* Info.plist */,
			);
			path = "Supporting Files";
			sourceTree = "<group>";
		};
/* End PBXGroup section */

/* Begin PBXNativeTarget section */
		1CBC419125EA365A0012444A /* FamilyApp */ = {
			isa = PBXNativeTarget;
			buildConfigurationList = 1CBC41A625EA365B0012444A /* Build configuration list for PBXNativeTarget "FamilyApp" */;
			buildPhases = (
				1CBC418E25EA365A0012444A /* Sources */,
				1CBC418F25EA365A0012444A /* Frameworks */,
				1CBC419025EA365A0012444A /* Resources */,
			);
			buildRules = (
			);
			dependencies = (
			);
			name = FamilyApp;
			productName = FamilyApp;
			productReference = 1CBC419225EA365A0012444A /* FamilyApp.app */;
			productType = "com.apple.product-type.application";
		};
/* End PBXNativeTarget section */

/* Begin PBXProject section */
		1CBC418A25EA365A0012444A /* Project object */ = {
			isa = PBXProject;
			attributes = {
				LastSwiftUpdateCheck = 1240;
				LastUpgradeCheck = 1240;
				TargetAttributes = {
					1CBC419125EA365A0012444A = {
						CreatedOnToolsVersion = 12.4;
					};
				};
			};
			buildConfigurationList = 1CBC418D25EA365A0012444A /* Build configuration list for PBXProject "FamilyApp" */;
			compatibilityVersion = "Xcode 9.3";
			developmentRegion = en;
			hasScannedForEncodings = 0;
			knownRegions = (
				en,
				Base,
			);
			mainGroup = 1CBC418925EA365A0012444A;
			productRefGroup = 1CBC419325EA365A0012444A /* Products */;
			projectDirPath = "";
			projectRoot = "";
			targets = (
				1CBC419125EA365A0012444A /* FamilyApp */,
			);
		};
/* End PBXProject section */

/* Begin PBXResourcesBuildPhase section */
		1CBC419025EA365A0012444A /* Resources */ = {
			isa = PBXResourcesBuildPhase;
			buildActionMask = 2147483647;
			files = (
				1CBC41A225EA365B0012444A /* LaunchScreen.storyboard in Resources */,
				1C4401B425EF62C6001E2B74 /* Color.xcassets in Resources */,
				1CBC419F25EA365B0012444A /* Assets.xcassets in Resources */,
				1CBC419D25EA365A0012444A /* Main.storyboard in Resources */,
			);
			runOnlyForDeploymentPostprocessing = 0;
		};
/* End PBXResourcesBuildPhase section */

/* Begin PBXSourcesBuildPhase section */
		1CBC418E25EA365A0012444A /* Sources */ = {
			isa = PBXSourcesBuildPhase;
			buildActionMask = 2147483647;
			files = (
				1CBC419625EA365A0012444A /* AppDelegate.swift in Sources */,
				1CBC419825EA365A0012444A /* SceneDelegate.swift in Sources */,
				1C387B2425F2022400DC07E8 /* UserRepository.swift in Sources */,
				1C4401AC25EF441D001E2B74 /* HomeTableViewCell.swift in Sources */,
				1C848CF525EBC5F500F24D42 /* HomeViewController.swift in Sources */,
				1C387B2A25F2064F00DC07E8 /* FamilyApp++Bool.swift in Sources */,
				1C4401B125EF4E99001E2B74 /* UserType.swift in Sources */,
			);
			runOnlyForDeploymentPostprocessing = 0;
		};
/* End PBXSourcesBuildPhase section */

/* Begin PBXVariantGroup section */
		1CBC419B25EA365A0012444A /* Main.storyboard */ = {
			isa = PBXVariantGroup;
			children = (
				1CBC419C25EA365A0012444A /* Base */,
			);
			name = Main.storyboard;
			sourceTree = "<group>";
		};
		1CBC41A025EA365B0012444A /* LaunchScreen.storyboard */ = {
			isa = PBXVariantGroup;
			children = (
				1CBC41A125EA365B0012444A /* Base */,
			);
			name = LaunchScreen.storyboard;
			sourceTree = "<group>";
		};
/* End PBXVariantGroup section */

/* Begin XCBuildConfiguration section */
		1CBC41A425EA365B0012444A /* Debug */ = {
			isa = XCBuildConfiguration;
			buildSettings = {
				ALWAYS_SEARCH_USER_PATHS = NO;
				CLANG_ANALYZER_NONNULL = YES;
				CLANG_ANALYZER_NUMBER_OBJECT_CONVERSION = YES_AGGRESSIVE;
				CLANG_CXX_LANGUAGE_STANDARD = "gnu++14";
				CLANG_CXX_LIBRARY = "libc++";
				CLANG_ENABLE_MODULES = YES;
				CLANG_ENABLE_OBJC_ARC = YES;
				CLANG_ENABLE_OBJC_WEAK = YES;
				CLANG_WARN_BLOCK_CAPTURE_AUTORELEASING = YES;
				CLANG_WARN_BOOL_CONVERSION = YES;
				CLANG_WARN_COMMA = YES;
				CLANG_WARN_CONSTANT_CONVERSION = YES;
				CLANG_WARN_DEPRECATED_OBJC_IMPLEMENTATIONS = YES;
				CLANG_WARN_DIRECT_OBJC_ISA_USAGE = YES_ERROR;
				CLANG_WARN_DOCUMENTATION_COMMENTS = YES;
				CLANG_WARN_EMPTY_BODY = YES;
				CLANG_WARN_ENUM_CONVERSION = YES;
				CLANG_WARN_INFINITE_RECURSION = YES;
				CLANG_WARN_INT_CONVERSION = YES;
				CLANG_WARN_NON_LITERAL_NULL_CONVERSION = YES;
				CLANG_WARN_OBJC_IMPLICIT_RETAIN_SELF = YES;
				CLANG_WARN_OBJC_LITERAL_CONVERSION = YES;
				CLANG_WARN_OBJC_ROOT_CLASS = YES_ERROR;
				CLANG_WARN_QUOTED_INCLUDE_IN_FRAMEWORK_HEADER = YES;
				CLANG_WARN_RANGE_LOOP_ANALYSIS = YES;
				CLANG_WARN_STRICT_PROTOTYPES = YES;
				CLANG_WARN_SUSPICIOUS_MOVE = YES;
				CLANG_WARN_UNGUARDED_AVAILABILITY = YES_AGGRESSIVE;
				CLANG_WARN_UNREACHABLE_CODE = YES;
				CLANG_WARN__DUPLICATE_METHOD_MATCH = YES;
				COPY_PHASE_STRIP = NO;
				DEBUG_INFORMATION_FORMAT = dwarf;
				ENABLE_STRICT_OBJC_MSGSEND = YES;
				ENABLE_TESTABILITY = YES;
				GCC_C_LANGUAGE_STANDARD = gnu11;
				GCC_DYNAMIC_NO_PIC = NO;
				GCC_NO_COMMON_BLOCKS = YES;
				GCC_OPTIMIZATION_LEVEL = 0;
				GCC_PREPROCESSOR_DEFINITIONS = (
					"DEBUG=1",
					"$(inherited)",
				);
				GCC_WARN_64_TO_32_BIT_CONVERSION = YES;
				GCC_WARN_ABOUT_RETURN_TYPE = YES_ERROR;
				GCC_WARN_UNDECLARED_SELECTOR = YES;
				GCC_WARN_UNINITIALIZED_AUTOS = YES_AGGRESSIVE;
				GCC_WARN_UNUSED_FUNCTION = YES;
				GCC_WARN_UNUSED_VARIABLE = YES;
				IPHONEOS_DEPLOYMENT_TARGET = 14.4;
				MTL_ENABLE_DEBUG_INFO = INCLUDE_SOURCE;
				MTL_FAST_MATH = YES;
				ONLY_ACTIVE_ARCH = YES;
				SDKROOT = iphoneos;
				SWIFT_ACTIVE_COMPILATION_CONDITIONS = DEBUG;
				SWIFT_OPTIMIZATION_LEVEL = "-Onone";
			};
			name = Debug;
		};
		1CBC41A525EA365B0012444A /* Release */ = {
			isa = XCBuildConfiguration;
			buildSettings = {
				ALWAYS_SEARCH_USER_PATHS = NO;
				CLANG_ANALYZER_NONNULL = YES;
				CLANG_ANALYZER_NUMBER_OBJECT_CONVERSION = YES_AGGRESSIVE;
				CLANG_CXX_LANGUAGE_STANDARD = "gnu++14";
				CLANG_CXX_LIBRARY = "libc++";
				CLANG_ENABLE_MODULES = YES;
				CLANG_ENABLE_OBJC_ARC = YES;
				CLANG_ENABLE_OBJC_WEAK = YES;
				CLANG_WARN_BLOCK_CAPTURE_AUTORELEASING = YES;
				CLANG_WARN_BOOL_CONVERSION = YES;
				CLANG_WARN_COMMA = YES;
				CLANG_WARN_CONSTANT_CONVERSION = YES;
				CLANG_WARN_DEPRECATED_OBJC_IMPLEMENTATIONS = YES;
				CLANG_WARN_DIRECT_OBJC_ISA_USAGE = YES_ERROR;
				CLANG_WARN_DOCUMENTATION_COMMENTS = YES;
				CLANG_WARN_EMPTY_BODY = YES;
				CLANG_WARN_ENUM_CONVERSION = YES;
				CLANG_WARN_INFINITE_RECURSION = YES;
				CLANG_WARN_INT_CONVERSION = YES;
				CLANG_WARN_NON_LITERAL_NULL_CONVERSION = YES;
				CLANG_WARN_OBJC_IMPLICIT_RETAIN_SELF = YES;
				CLANG_WARN_OBJC_LITERAL_CONVERSION = YES;
				CLANG_WARN_OBJC_ROOT_CLASS = YES_ERROR;
				CLANG_WARN_QUOTED_INCLUDE_IN_FRAMEWORK_HEADER = YES;
				CLANG_WARN_RANGE_LOOP_ANALYSIS = YES;
				CLANG_WARN_STRICT_PROTOTYPES = YES;
				CLANG_WARN_SUSPICIOUS_MOVE = YES;
				CLANG_WARN_UNGUARDED_AVAILABILITY = YES_AGGRESSIVE;
				CLANG_WARN_UNREACHABLE_CODE = YES;
				CLANG_WARN__DUPLICATE_METHOD_MATCH = YES;
				COPY_PHASE_STRIP = NO;
				DEBUG_INFORMATION_FORMAT = "dwarf-with-dsym";
				ENABLE_NS_ASSERTIONS = NO;
				ENABLE_STRICT_OBJC_MSGSEND = YES;
				GCC_C_LANGUAGE_STANDARD = gnu11;
				GCC_NO_COMMON_BLOCKS = YES;
				GCC_WARN_64_TO_32_BIT_CONVERSION = YES;
				GCC_WARN_ABOUT_RETURN_TYPE = YES_ERROR;
				GCC_WARN_UNDECLARED_SELECTOR = YES;
				GCC_WARN_UNINITIALIZED_AUTOS = YES_AGGRESSIVE;
				GCC_WARN_UNUSED_FUNCTION = YES;
				GCC_WARN_UNUSED_VARIABLE = YES;
				IPHONEOS_DEPLOYMENT_TARGET = 14.4;
				MTL_ENABLE_DEBUG_INFO = NO;
				MTL_FAST_MATH = YES;
				SDKROOT = iphoneos;
				SWIFT_COMPILATION_MODE = wholemodule;
				SWIFT_OPTIMIZATION_LEVEL = "-O";
				VALIDATE_PRODUCT = YES;
			};
			name = Release;
		};
		1CBC41A725EA365B0012444A /* Debug */ = {
			isa = XCBuildConfiguration;
			buildSettings = {
				ASSETCATALOG_COMPILER_APPICON_NAME = AppIcon;
				ASSETCATALOG_COMPILER_GLOBAL_ACCENT_COLOR_NAME = AccentColor;
				CODE_SIGN_STYLE = Automatic;
				INFOPLIST_FILE = "FamilyApp/Supporting Files/Info.plist";
				LD_RUNPATH_SEARCH_PATHS = (
					"$(inherited)",
					"@executable_path/Frameworks",
				);
				PRODUCT_BUNDLE_IDENTIFIER = heyziin.FamilyApp;
				PRODUCT_NAME = "$(TARGET_NAME)";
				SWIFT_VERSION = 5.0;
				TARGETED_DEVICE_FAMILY = 1;
			};
			name = Debug;
		};
		1CBC41A825EA365B0012444A /* Release */ = {
			isa = XCBuildConfiguration;
			buildSettings = {
				ASSETCATALOG_COMPILER_APPICON_NAME = AppIcon;
				ASSETCATALOG_COMPILER_GLOBAL_ACCENT_COLOR_NAME = AccentColor;
				CODE_SIGN_STYLE = Automatic;
				INFOPLIST_FILE = "FamilyApp/Supporting Files/Info.plist";
				LD_RUNPATH_SEARCH_PATHS = (
					"$(inherited)",
					"@executable_path/Frameworks",
				);
				PRODUCT_BUNDLE_IDENTIFIER = heyziin.FamilyApp;
				PRODUCT_NAME = "$(TARGET_NAME)";
				SWIFT_VERSION = 5.0;
				TARGETED_DEVICE_FAMILY = 1;
			};
			name = Release;
		};
/* End XCBuildConfiguration section */

/* Begin XCConfigurationList section */
		1CBC418D25EA365A0012444A /* Build configuration list for PBXProject "FamilyApp" */ = {
			isa = XCConfigurationList;
			buildConfigurations = (
				1CBC41A425EA365B0012444A /* Debug */,
				1CBC41A525EA365B0012444A /* Release */,
			);
			defaultConfigurationIsVisible = 0;
			defaultConfigurationName = Release;
		};
		1CBC41A625EA365B0012444A /* Build configuration list for PBXNativeTarget "FamilyApp" */ = {
			isa = XCConfigurationList;
			buildConfigurations = (
				1CBC41A725EA365B0012444A /* Debug */,
				1CBC41A825EA365B0012444A /* Release */,
			);
			defaultConfigurationIsVisible = 0;
			defaultConfigurationName = Release;
		};
/* End XCConfigurationList section */
	};
	rootObject = 1CBC418A25EA365A0012444A /* Project object */;
}
